
Microsoft Visual Studio Solution File, Format Version 12.00
# Visual Studio 15
VisualStudioVersion = 15.0.26730.8
MinimumVisualStudioVersion = 10.0.40219.1
Project("{FAE04EC0-301F-11D3-BF4B-00C04F79EFBC}") = "LinkedInDemo", "LinkedInDemo\LinkedInDemo.csproj", "{D9A60418-BDA9-4B60-8B1F-9266E3332A2E}"
EndProject
Project("{FAE04EC0-301F-11D3-BF4B-00C04F79EFBC}") = "DataLayer", "DataLayer\DataLayer.csproj", "{08C8DCFB-D205-450B-9828-CD1EEAE639A2}"
EndProject
Project("{FAE04EC0-301F-11D3-BF4B-00C04F79EFBC}") = "BussinessLayer", "BussinessLayer\BussinessLayer.csproj", "{46332C04-18D9-4109-81EF-18E73B6F4839}"
EndProject
Global
	GlobalSection(SolutionConfigurationPlatforms) = preSolution
		Debug|Any CPU = Debug|Any CPU
		Release|Any CPU = Release|Any CPU
	EndGlobalSection
	GlobalSection(ProjectConfigurationPlatforms) = postSolution
		{D9A60418-BDA9-4B60-8B1F-9266E3332A2E}.Debug|Any CPU.ActiveCfg = Debug|Any CPU
		{D9A60418-BDA9-4B60-8B1F-9266E3332A2E}.Debug|Any CPU.Build.0 = Debug|Any CPU
		{D9A60418-BDA9-4B60-8B1F-9266E3332A2E}.Release|Any CPU.ActiveCfg = Release|Any CPU
		{D9A60418-BDA9-4B60-8B1F-9266E3332A2E}.Release|Any CPU.Build.0 = Release|Any CPU
		{08C8DCFB-D205-450B-9828-CD1EEAE639A2}.Debug|Any CPU.ActiveCfg = Debug|Any CPU
		{08C8DCFB-D205-450B-9828-CD1EEAE639A2}.Debug|Any CPU.Build.0 = Debug|Any CPU
		{08C8DCFB-D205-450B-9828-CD1EEAE639A2}.Release|Any CPU.ActiveCfg = Release|Any CPU
		{08C8DCFB-D205-450B-9828-CD1EEAE639A2}.Release|Any CPU.Build.0 = Release|Any CPU
		{46332C04-18D9-4109-81EF-18E73B6F4839}.Debug|Any CPU.ActiveCfg = Debug|Any CPU
		{46332C04-18D9-4109-81EF-18E73B6F4839}.Debug|Any CPU.Build.0 = Debug|Any CPU
		{46332C04-18D9-4109-81EF-18E73B6F4839}.Release|Any CPU.ActiveCfg = Release|Any CPU
		{46332C04-18D9-4109-81EF-18E73B6F4839}.Release|Any CPU.Build.0 = Release|Any CPU
	EndGlobalSection
	GlobalSection(SolutionProperties) = preSolution
		HideSolutionNode = FALSE
	EndGlobalSection
	GlobalSection(ExtensibilityGlobals) = postSolution
		SolutionGuid = {7812B491-A175-4C66-A033-F0686F558D7C}
	EndGlobalSection
EndGlobal
